hash: 7d1acbf37ecb6df0d9043c72a66d3dfad16cc21c59dc78121aca860dea93ccaa
updated: 2018-04-30T22:06:25.060960672-05:00
imports:
- name: github.com/BurntSushi/toml
  version: bbd5bb678321a0d6e58f1099321dfa73391c1b6f
- name: github.com/cenkalti/backoff
  version: 2ea60e5f094469f9e65adb9cd103795b73ae743e
- name: github.com/codegangsta/gin
  version: cafe2ce98974a3dcca6b92ce393a91a0b58b8133
- name: github.com/dgrijalva/jwt-go
  version: d2709f9f1f31ebcda9651b03077758c1f3a0018c
- name: github.com/docopt/docopt-go
  version: 784ddc588536785e7299f7272f39101f7faccc3f
- name: github.com/golang/protobuf
  version: e09c5db296004fbe3f74490e84dcd62c3c5ddb1b
  subpackages:
  - proto
- name: github.com/hailocab/go-hostpool
  version: e80d13ce29ede4452c43dea11e79b9bc8a15b478
- name: github.com/labstack/echo
  version: 8d504c1b699c757b267255c53b3e5219f9974abc
  subpackages:
  - engine/fasthttp
  - middleware
- name: github.com/labstack/gommon
  version: 1121fd3e243c202482226a7afe4dcd07ffc4139a
  subpackages:
  - bytes
  - color
  - log
  - random
- name: github.com/mattn/go-colorable
  version: 941b50ebc6efddf4c41c8e4537a5f68a4e686b24
- name: github.com/mattn/go-isatty
  version: fc9e8d8ef48496124e79ae0df75490096eccf6fe
- name: github.com/opentracing/opentracing-go
  version: 6c572c00d1830223701e155de97408483dfcd14a
  subpackages:
  - ext
  - log
- name: github.com/PagerDuty/go-pagerduty
  version: 317bca1364fc322f4d6f8eeb276e931b6667b43b
- name: github.com/satori/go.uuid
  version: 36e9d2ebbde5e3f13ab2e25625fd453271d6522e
- name: github.com/sirupsen/logrus
  version: 778f2e774c725116edbc3d039dc0dfc1cc62aae8
- name: github.com/tylerb/graceful
  version: 0e9129e9c6d47da90dc0c188b26bd7bb1dab53cd
- name: github.com/unrolled/render
  version: 65450fb6b2d3595beca39f969c411db8f8d5c806
- name: github.com/valyala/bytebufferpool
  version: e746df99fe4a3986f4d4f79e13c1e0117ce9c2f7
- name: github.com/valyala/fasttemplate
  version: dcecefd839c4193db0d35b88ec65b4c12d360ab0
- name: golang.org/x/crypto
  version: a48ac81e47fd6f9ed1258f3b60ae9e75f93cb7ed
  subpackages:
  - acme
  - acme/autocert
  - pbkdf2
  - ssh/terminal
- name: golang.org/x/net
  version: 5f9ae10d9af5b1c89ae6904293b14b064d4ada23
  subpackages:
  - context
- name: golang.org/x/sys
  version: 6faef541c73732f438fb660a212750a9ba9f9362
  subpackages:
  - unix
- name: gopkg.in/alexcesaro/quotedprintable.v3
  version: 2caba252f4dc53eaf6b553000885530023f54623
- name: gopkg.in/asn1-ber.v1
  version: 379148ca0225df7a432012b8df0355c2a2063ac0
- name: gopkg.in/fatih/pool.v2
  version: 010e0b745d12eaf8426c95f9c3924d81dd0b668f
- name: gopkg.in/gomail.v2
  version: 81ebce5c23dfd25c6c67194b37d3dd3f338c98b1
- name: gopkg.in/gorethink/gorethink.v4
  version: eec03bd47cfc11965a9de004ff86add2a88e65b0
  subpackages:
  - encoding
  - ql2
  - types
- name: gopkg.in/ldap.v2
  version: d0a5ced67b4dc310b9158d63a2c6f9c5ec13f105
testImports: []
